
Microsoft Visual Studio Solution File, Format Version 12.00
# Visual Studio Version 17
VisualStudioVersion = 17.13.35931.197 d17.13
MinimumVisualStudioVersion = 10.0.40219.1
Project("{FAE04EC0-301F-11D3-BF4B-00C04F79EFBC}") = "GME1003GoblinDanceParty", "GME1003GoblinDanceParty.csproj", "{B14CE748-F279-007F-6680-FD3CAF842B4B}"
EndProject
Global
	GlobalSection(SolutionConfigurationPlatforms) = preSolution
		Debug|Any CPU = Debug|Any CPU
		Release|Any CPU = Release|Any CPU
	EndGlobalSection
	GlobalSection(ProjectConfigurationPlatforms) = postSolution
		{B14CE748-F279-007F-6680-FD3CAF842B4B}.Debug|Any CPU.ActiveCfg = Debug|Any CPU
		{B14CE748-F279-007F-6680-FD3CAF842B4B}.Debug|Any CPU.Build.0 = Debug|Any CPU
		{B14CE748-F279-007F-6680-FD3CAF842B4B}.Release|Any CPU.ActiveCfg = Release|Any CPU
		{B14CE748-F279-007F-6680-FD3CAF842B4B}.Release|Any CPU.Build.0 = Release|Any CPU
	EndGlobalSection
	GlobalSection(SolutionProperties) = preSolution
		HideSolutionNode = FALSE
	EndGlobalSection
	GlobalSection(ExtensibilityGlobals) = postSolution
		SolutionGuid = {434426C8-13B7-4844-A3D7-CBB77518580B}
	EndGlobalSection
EndGlobal
